
Microsoft Visual Studio Solution File, Format Version 12.00
# Visual Studio Version 17
VisualStudioVersion = 17.3.32804.467
MinimumVisualStudioVersion = 10.0.40219.1
Project("{FAE04EC0-301F-11D3-BF4B-00C04F79EFBC}") = "aspdotnet-mvc-webapp", "aspdotnet-mvc-webapp\aspdotnet-mvc-webapp.csproj", "{ECE2F757-AF7C-4FBD-AC38-E42C522BFFB6}"
EndProject
Global
	GlobalSection(SolutionConfigurationPlatforms) = preSolution
		Debug|Any CPU = Debug|Any CPU
		Release|Any CPU = Release|Any CPU
	EndGlobalSection
	GlobalSection(ProjectConfigurationPlatforms) = postSolution
		{ECE2F757-AF7C-4FBD-AC38-E42C522BFFB6}.Debug|Any CPU.ActiveCfg = Debug|Any CPU
		{ECE2F757-AF7C-4FBD-AC38-E42C522BFFB6}.Debug|Any CPU.Build.0 = Debug|Any CPU
		{ECE2F757-AF7C-4FBD-AC38-E42C522BFFB6}.Release|Any CPU.ActiveCfg = Release|Any CPU
		{ECE2F757-AF7C-4FBD-AC38-E42C522BFFB6}.Release|Any CPU.Build.0 = Release|Any CPU
	EndGlobalSection
	GlobalSection(SolutionProperties) = preSolution
		HideSolutionNode = FALSE
	EndGlobalSection
	GlobalSection(ExtensibilityGlobals) = postSolution
		SolutionGuid = {4E891E61-BB16-4A36-93CA-53BD0DBFE0B1}
	EndGlobalSection
EndGlobal
